
Microsoft Visual Studio Solution File, Format Version 12.00
# Visual Studio Version 16
VisualStudioVersion = 16.0.29411.108
MinimumVisualStudioVersion = 10.0.40219.1
Project("{FAE04EC0-301F-11D3-BF4B-00C04F79EFBC}") = "AzureFunction", "function\AzureFunction.csproj", "{E20EE4E3-B8A0-41AB-B9E4-1F899159EAB1}"
EndProject
Project("{2150E333-8FDC-42A3-9474-1A3956D46DE8}") = "Repo", "Repo", "{B0E49DA0-FA90-4608-9CA5-7E2ACACDDC4A}"
	ProjectSection(SolutionItems) = preProject
		.gitignore = .gitignore
	EndProjectSection
EndProject
Global
	GlobalSection(SolutionConfigurationPlatforms) = preSolution
		Debug|Any CPU = Debug|Any CPU
		Release|Any CPU = Release|Any CPU
	EndGlobalSection
	GlobalSection(ProjectConfigurationPlatforms) = postSolution
		{E20EE4E3-B8A0-41AB-B9E4-1F899159EAB1}.Debug|Any CPU.ActiveCfg = Debug|Any CPU
		{E20EE4E3-B8A0-41AB-B9E4-1F899159EAB1}.Debug|Any CPU.Build.0 = Debug|Any CPU
		{E20EE4E3-B8A0-41AB-B9E4-1F899159EAB1}.Release|Any CPU.ActiveCfg = Release|Any CPU
		{E20EE4E3-B8A0-41AB-B9E4-1F899159EAB1}.Release|Any CPU.Build.0 = Release|Any CPU
	EndGlobalSection
	GlobalSection(SolutionProperties) = preSolution
		HideSolutionNode = FALSE
	EndGlobalSection
	GlobalSection(ExtensibilityGlobals) = postSolution
		SolutionGuid = {388879E2-B5C8-46F7-BADE-FCDC91BEE14A}
	EndGlobalSection
EndGlobal
